// !$*UTF8*$!
{
	archiveVersion = 1;
	classes = {
	};
	objectVersion = 46;
	objects = {

/* Begin PBXBuildFile section */
		3398D78A1C6203D000F8FDA8 /* libWeChatSDK.a in Frameworks */ = {isa = PBXBuildFile; fileRef = 3398D7891C6203D000F8FDA8 /* libWeChatSDK.a */; };
		3398D78B1C62041800F8FDA8 /* libz.tbd in Frameworks */ = {isa = PBXBuildFile; fileRef = 33CD2C441BCA4DA600618C9D /* libz.tbd */; };
		3398D78C1C62042900F8FDA8 /* libsqlite3.0.tbd in Frameworks */ = {isa = PBXBuildFile; fileRef = 33CD2C401BCA4D5900618C9D /* libsqlite3.0.tbd */; };
		3398D78D1C62043800F8FDA8 /* libc++.tbd in Frameworks */ = {isa = PBXBuildFile; fileRef = 33CD2C421BCA4D6D00618C9D /* libc++.tbd */; };
		33AEC2721C7495AB00DBDA86 /* WechatAuthSDK.h in Headers */ = {isa = PBXBuildFile; fileRef = 33AEC2701C7495AB00DBDA86 /* WechatAuthSDK.h */; };
		33CD2C541BCA595800618C9D /* OPTencentPlatform.h in Headers */ = {isa = PBXBuildFile; fileRef = 33CD2C521BCA595800618C9D /* OPTencentPlatform.h */; };
		33CD2C551BCA595800618C9D /* OPTencentPlatform.m in Sources */ = {isa = PBXBuildFile; fileRef = 33CD2C531BCA595800618C9D /* OPTencentPlatform.m */; };
		33CD2C581BCA596900618C9D /* OPWeixinPlatform.h in Headers */ = {isa = PBXBuildFile; fileRef = 33CD2C561BCA596900618C9D /* OPWeixinPlatform.h */; };
		33CD2C591BCA596900618C9D /* OPWeixinPlatform.m in Sources */ = {isa = PBXBuildFile; fileRef = 33CD2C571BCA596900618C9D /* OPWeixinPlatform.m */; };
		33CD2C5C1BCA598000618C9D /* OPWeiboPlatform.h in Headers */ = {isa = PBXBuildFile; fileRef = 33CD2C5A1BCA598000618C9D /* OPWeiboPlatform.h */; };
		33CD2C5D1BCA598000618C9D /* OPWeiboPlatform.m in Sources */ = {isa = PBXBuildFile; fileRef = 33CD2C5B1BCA598000618C9D /* OPWeiboPlatform.m */; };
		33F899501BC3CAD000E86EA4 /* OpenPlatform.h in Headers */ = {isa = PBXBuildFile; fileRef = 33F8994F1BC3CAD000E86EA4 /* OpenPlatform.h */; settings = {ATTRIBUTES = (Public, ); }; };
		33F899621BC3D20100E86EA4 /* OPOpenPlatform.h in Headers */ = {isa = PBXBuildFile; fileRef = 33F899601BC3D20100E86EA4 /* OPOpenPlatform.h */; settings = {ATTRIBUTES = (Public, ); }; };
		33F899631BC3D20100E86EA4 /* OPOpenPlatform.m in Sources */ = {isa = PBXBuildFile; fileRef = 33F899611BC3D20100E86EA4 /* OPOpenPlatform.m */; };
		33F8997E1BC3D67400E86EA4 /* OPShareMedia.h in Headers */ = {isa = PBXBuildFile; fileRef = 33F8997C1BC3D67400E86EA4 /* OPShareMedia.h */; settings = {ATTRIBUTES = (Public, ); }; };
		33F8997F1BC3D67400E86EA4 /* OPShareMedia.m in Sources */ = {isa = PBXBuildFile; fileRef = 33F8997D1BC3D67400E86EA4 /* OPShareMedia.m */; };
		33F899821BC4B01F00E86EA4 /* OPAuthObject.h in Headers */ = {isa = PBXBuildFile; fileRef = 33F899801BC4B01F00E86EA4 /* OPAuthObject.h */; settings = {ATTRIBUTES = (Public, ); }; };
		33F899831BC4B01F00E86EA4 /* OPAuthObject.m in Sources */ = {isa = PBXBuildFile; fileRef = 33F899811BC4B01F00E86EA4 /* OPAuthObject.m */; };
		33F899861BC64A4C00E86EA4 /* OPWeixinPayment.h in Headers */ = {isa = PBXBuildFile; fileRef = 33F899841BC64A4C00E86EA4 /* OPWeixinPayment.h */; };
		33F899871BC64A4C00E86EA4 /* OPWeixinPayment.m in Sources */ = {isa = PBXBuildFile; fileRef = 33F899851BC64A4C00E86EA4 /* OPWeixinPayment.m */; };
		33F8998A1BC64A5E00E86EA4 /* OPAlipayPayment.h in Headers */ = {isa = PBXBuildFile; fileRef = 33F899881BC64A5E00E86EA4 /* OPAlipayPayment.h */; };
		33F8998B1BC64A5E00E86EA4 /* OPAlipayPayment.m in Sources */ = {isa = PBXBuildFile; fileRef = 33F899891BC64A5E00E86EA4 /* OPAlipayPayment.m */; };
		33F899A21BC64D8000E86EA4 /* TencentOpenAPI.framework in Frameworks */ = {isa = PBXBuildFile; fileRef = 33F8998E1BC64D8000E86EA4 /* TencentOpenAPI.framework */; };
		33F899A51BC64D8000E86EA4 /* WBHttpRequest+WeiboGame.h in Headers */ = {isa = PBXBuildFile; fileRef = 33F899921BC64D8000E86EA4 /* WBHttpRequest+WeiboGame.h */; };
		33F899A61BC64D8000E86EA4 /* WBHttpRequest+WeiboShare.h in Headers */ = {isa = PBXBuildFile; fileRef = 33F899931BC64D8000E86EA4 /* WBHttpRequest+WeiboShare.h */; };
		33F899A71BC64D8000E86EA4 /* WBHttpRequest+WeiboToken.h in Headers */ = {isa = PBXBuildFile; fileRef = 33F899941BC64D8000E86EA4 /* WBHttpRequest+WeiboToken.h */; };
		33F899A81BC64D8000E86EA4 /* WBHttpRequest+WeiboUser.h in Headers */ = {isa = PBXBuildFile; fileRef = 33F899951BC64D8000E86EA4 /* WBHttpRequest+WeiboUser.h */; };
		33F899A91BC64D8000E86EA4 /* WBHttpRequest.h in Headers */ = {isa = PBXBuildFile; fileRef = 33F899961BC64D8000E86EA4 /* WBHttpRequest.h */; };
		33F899AA1BC64D8000E86EA4 /* WBSDKBasicButton.h in Headers */ = {isa = PBXBuildFile; fileRef = 33F899971BC64D8000E86EA4 /* WBSDKBasicButton.h */; };
		33F899AB1BC64D8000E86EA4 /* WBSDKCommentButton.h in Headers */ = {isa = PBXBuildFile; fileRef = 33F899981BC64D8000E86EA4 /* WBSDKCommentButton.h */; };
		33F899AC1BC64D8000E86EA4 /* WBSDKRelationshipButton.h in Headers */ = {isa = PBXBuildFile; fileRef = 33F899991BC64D8000E86EA4 /* WBSDKRelationshipButton.h */; };
		33F899AF1BC64D8000E86EA4 /* WeiboSDK.h in Headers */ = {isa = PBXBuildFile; fileRef = 33F8999C1BC64D8000E86EA4 /* WeiboSDK.h */; };
		33F899B01BC64D8000E86EA4 /* WeiboUser.h in Headers */ = {isa = PBXBuildFile; fileRef = 33F8999D1BC64D8000E86EA4 /* WeiboUser.h */; };
		33F899B21BC64D8000E86EA4 /* WXApi.h in Headers */ = {isa = PBXBuildFile; fileRef = 33F899A01BC64D8000E86EA4 /* WXApi.h */; };
		33F899B31BC64D8000E86EA4 /* WXApiObject.h in Headers */ = {isa = PBXBuildFile; fileRef = 33F899A11BC64D8000E86EA4 /* WXApiObject.h */; };
		33F899BD1BC653D600E86EA4 /* EasyTools.framework in Frameworks */ = {isa = PBXBuildFile; fileRef = 33F899BA1BC653D600E86EA4 /* EasyTools.framework */; };
		33F899C11BC65E9000E86EA4 /* OPPaymentOrder.h in Headers */ = {isa = PBXBuildFile; fileRef = 33F899BF1BC65E9000E86EA4 /* OPPaymentOrder.h */; settings = {ATTRIBUTES = (Public, ); }; };
		33F899C21BC65E9000E86EA4 /* OPPaymentOrder.m in Sources */ = {isa = PBXBuildFile; fileRef = 33F899C01BC65E9000E86EA4 /* OPPaymentOrder.m */; };
/* End PBXBuildFile section */

/* Begin PBXFileReference section */
		3398D7861C62029E00F8FDA8 /* AlipaySDK.framework */ = {isa = PBXFileReference; lastKnownFileType = wrapper.framework; path = AlipaySDK.framework; sourceTree = "<group>"; };
		3398D7891C6203D000F8FDA8 /* libWeChatSDK.a */ = {isa = PBXFileReference; lastKnownFileType = archive.ar; path = libWeChatSDK.a; sourceTree = "<group>"; };
		33AEC26F1C7495AB00DBDA86 /* read_me.txt */ = {isa = PBXFileReference; fileEncoding = 4; lastKnownFileType = text; path = read_me.txt; sourceTree = "<group>"; };
		33AEC2701C7495AB00DBDA86 /* WechatAuthSDK.h */ = {isa = PBXFileReference; fileEncoding = 4; lastKnownFileType = sourcecode.c.h; path = WechatAuthSDK.h; sourceTree = "<group>"; };
		33CD2C401BCA4D5900618C9D /* libsqlite3.0.tbd */ = {isa = PBXFileReference; lastKnownFileType = "sourcecode.text-based-dylib-definition"; name = libsqlite3.0.tbd; path = usr/lib/libsqlite3.0.tbd; sourceTree = SDKROOT; };
		33CD2C421BCA4D6D00618C9D /* libc++.tbd */ = {isa = PBXFileReference; lastKnownFileType = "sourcecode.text-based-dylib-definition"; name = "libc++.tbd"; path = "usr/lib/libc++.tbd"; sourceTree = SDKROOT; };
		33CD2C441BCA4DA600618C9D /* libz.tbd */ = {isa = PBXFileReference; lastKnownFileType = "sourcecode.text-based-dylib-definition"; name = libz.tbd; path = usr/lib/libz.tbd; sourceTree = SDKROOT; };
		33CD2C521BCA595800618C9D /* OPTencentPlatform.h */ = {isa = PBXFileReference; fileEncoding = 4; lastKnownFileType = sourcecode.c.h; path = OPTencentPlatform.h; sourceTree = "<group>"; };
		33CD2C531BCA595800618C9D /* OPTencentPlatform.m */ = {isa = PBXFileReference; fileEncoding = 4; lastKnownFileType = sourcecode.c.objc; path = OPTencentPlatform.m; sourceTree = "<group>"; };
		33CD2C561BCA596900618C9D /* OPWeixinPlatform.h */ = {isa = PBXFileReference; fileEncoding = 4; lastKnownFileType = sourcecode.c.h; path = OPWeixinPlatform.h; sourceTree = "<group>"; };
		33CD2C571BCA596900618C9D /* OPWeixinPlatform.m */ = {isa = PBXFileReference; fileEncoding = 4; lastKnownFileType = sourcecode.c.objc; path = OPWeixinPlatform.m; sourceTree = "<group>"; };
		33CD2C5A1BCA598000618C9D /* OPWeiboPlatform.h */ = {isa = PBXFileReference; fileEncoding = 4; lastKnownFileType = sourcecode.c.h; path = OPWeiboPlatform.h; sourceTree = "<group>"; };
		33CD2C5B1BCA598000618C9D /* OPWeiboPlatform.m */ = {isa = PBXFileReference; fileEncoding = 4; lastKnownFileType = sourcecode.c.objc; path = OPWeiboPlatform.m; sourceTree = "<group>"; };
		33F8994C1BC3CAD000E86EA4 /* OpenPlatform.framework */ = {isa = PBXFileReference; explicitFileType = wrapper.framework; includeInIndex = 0; path = OpenPlatform.framework; sourceTree = BUILT_PRODUCTS_DIR; };
		33F8994F1BC3CAD000E86EA4 /* OpenPlatform.h */ = {isa = PBXFileReference; lastKnownFileType = sourcecode.c.h; path = OpenPlatform.h; sourceTree = "<group>"; };
		33F899511BC3CAD000E86EA4 /* Info.plist */ = {isa = PBXFileReference; lastKnownFileType = text.plist.xml; path = Info.plist; sourceTree = "<group>"; };
		33F899601BC3D20100E86EA4 /* OPOpenPlatform.h */ = {isa = PBXFileReference; fileEncoding = 4; lastKnownFileType = sourcecode.c.h; path = OPOpenPlatform.h; sourceTree = "<group>"; };
		33F899611BC3D20100E86EA4 /* OPOpenPlatform.m */ = {isa = PBXFileReference; fileEncoding = 4; lastKnownFileType = sourcecode.c.objc; path = OPOpenPlatform.m; sourceTree = "<group>"; };
		33F8997C1BC3D67400E86EA4 /* OPShareMedia.h */ = {isa = PBXFileReference; fileEncoding = 4; lastKnownFileType = sourcecode.c.h; path = OPShareMedia.h; sourceTree = "<group>"; };
		33F8997D1BC3D67400E86EA4 /* OPShareMedia.m */ = {isa = PBXFileReference; fileEncoding = 4; lastKnownFileType = sourcecode.c.objc; path = OPShareMedia.m; sourceTree = "<group>"; };
		33F899801BC4B01F00E86EA4 /* OPAuthObject.h */ = {isa = PBXFileReference; fileEncoding = 4; lastKnownFileType = sourcecode.c.h; path = OPAuthObject.h; sourceTree = "<group>"; };
		33F899811BC4B01F00E86EA4 /* OPAuthObject.m */ = {isa = PBXFileReference; fileEncoding = 4; lastKnownFileType = sourcecode.c.objc; path = OPAuthObject.m; sourceTree = "<group>"; };
		33F899841BC64A4C00E86EA4 /* OPWeixinPayment.h */ = {isa = PBXFileReference; fileEncoding = 4; lastKnownFileType = sourcecode.c.h; path = OPWeixinPayment.h; sourceTree = "<group>"; };
		33F899851BC64A4C00E86EA4 /* OPWeixinPayment.m */ = {isa = PBXFileReference; fileEncoding = 4; lastKnownFileType = sourcecode.c.objc; path = OPWeixinPayment.m; sourceTree = "<group>"; };
		33F899881BC64A5E00E86EA4 /* OPAlipayPayment.h */ = {isa = PBXFileReference; fileEncoding = 4; lastKnownFileType = sourcecode.c.h; path = OPAlipayPayment.h; sourceTree = "<group>"; };
		33F899891BC64A5E00E86EA4 /* OPAlipayPayment.m */ = {isa = PBXFileReference; fileEncoding = 4; lastKnownFileType = sourcecode.c.objc; path = OPAlipayPayment.m; sourceTree = "<group>"; };
		33F8998E1BC64D8000E86EA4 /* TencentOpenAPI.framework */ = {isa = PBXFileReference; lastKnownFileType = wrapper.framework; path = TencentOpenAPI.framework; sourceTree = "<group>"; };
		33F899911BC64D8000E86EA4 /* libWeiboSDK.a */ = {isa = PBXFileReference; lastKnownFileType = archive.ar; path = libWeiboSDK.a; sourceTree = "<group>"; };
		33F899921BC64D8000E86EA4 /* WBHttpRequest+WeiboGame.h */ = {isa = PBXFileReference; fileEncoding = 4; lastKnownFileType = sourcecode.c.h; path = "WBHttpRequest+WeiboGame.h"; sourceTree = "<group>"; };
		33F899931BC64D8000E86EA4 /* WBHttpRequest+WeiboShare.h */ = {isa = PBXFileReference; fileEncoding = 4; lastKnownFileType = sourcecode.c.h; path = "WBHttpRequest+WeiboShare.h"; sourceTree = "<group>"; };
		33F899941BC64D8000E86EA4 /* WBHttpRequest+WeiboToken.h */ = {isa = PBXFileReference; fileEncoding = 4; lastKnownFileType = sourcecode.c.h; path = "WBHttpRequest+WeiboToken.h"; sourceTree = "<group>"; };
		33F899951BC64D8000E86EA4 /* WBHttpRequest+WeiboUser.h */ = {isa = PBXFileReference; fileEncoding = 4; lastKnownFileType = sourcecode.c.h; path = "WBHttpRequest+WeiboUser.h"; sourceTree = "<group>"; };
		33F899961BC64D8000E86EA4 /* WBHttpRequest.h */ = {isa = PBXFileReference; fileEncoding = 4; lastKnownFileType = sourcecode.c.h; path = WBHttpRequest.h; sourceTree = "<group>"; };
		33F899971BC64D8000E86EA4 /* WBSDKBasicButton.h */ = {isa = PBXFileReference; fileEncoding = 4; lastKnownFileType = sourcecode.c.h; path = WBSDKBasicButton.h; sourceTree = "<group>"; };
		33F899981BC64D8000E86EA4 /* WBSDKCommentButton.h */ = {isa = PBXFileReference; fileEncoding = 4; lastKnownFileType = sourcecode.c.h; path = WBSDKCommentButton.h; sourceTree = "<group>"; };
		33F899991BC64D8000E86EA4 /* WBSDKRelationshipButton.h */ = {isa = PBXFileReference; fileEncoding = 4; lastKnownFileType = sourcecode.c.h; path = WBSDKRelationshipButton.h; sourceTree = "<group>"; };
		33F8999B1BC64D8000E86EA4 /* WeiboSDK.bundle */ = {isa = PBXFileReference; lastKnownFileType = "wrapper.plug-in"; path = WeiboSDK.bundle; sourceTree = "<group>"; };
		33F8999C1BC64D8000E86EA4 /* WeiboSDK.h */ = {isa = PBXFileReference; fileEncoding = 4; lastKnownFileType = sourcecode.c.h; path = WeiboSDK.h; sourceTree = "<group>"; };
		33F8999D1BC64D8000E86EA4 /* WeiboUser.h */ = {isa = PBXFileReference; fileEncoding = 4; lastKnownFileType = sourcecode.c.h; path = WeiboUser.h; sourceTree = "<group>"; };
		33F899A01BC64D8000E86EA4 /* WXApi.h */ = {isa = PBXFileReference; fileEncoding = 4; lastKnownFileType = sourcecode.c.h; path = WXApi.h; sourceTree = "<group>"; };
		33F899A11BC64D8000E86EA4 /* WXApiObject.h */ = {isa = PBXFileReference; fileEncoding = 4; lastKnownFileType = sourcecode.c.h; path = WXApiObject.h; sourceTree = "<group>"; };
		33F899BA1BC653D600E86EA4 /* EasyTools.framework */ = {isa = PBXFileReference; lastKnownFileType = wrapper.framework; path = EasyTools.framework; sourceTree = "<group>"; };
		33F899BF1BC65E9000E86EA4 /* OPPaymentOrder.h */ = {isa = PBXFileReference; fileEncoding = 4; lastKnownFileType = sourcecode.c.h; path = OPPaymentOrder.h; sourceTree = "<group>"; };
		33F899C01BC65E9000E86EA4 /* OPPaymentOrder.m */ = {isa = PBXFileReference; fileEncoding = 4; lastKnownFileType = sourcecode.c.objc; path = OPPaymentOrder.m; sourceTree = "<group>"; };
		33F899C31BC664AB00E86EA4 /* AlipaySDK.bundle */ = {isa = PBXFileReference; lastKnownFileType = "wrapper.plug-in"; path = AlipaySDK.bundle; sourceTree = "<group>"; };
/* End PBXFileReference section */

/* Begin PBXFrameworksBuildPhase section */
		33F899481BC3CAD000E86EA4 /* Frameworks */ = {
			isa = PBXFrameworksBuildPhase;
			buildActionMask = 2147483647;
			files = (
				3398D78D1C62043800F8FDA8 /* libc++.tbd in Frameworks */,
				3398D78C1C62042900F8FDA8 /* libsqlite3.0.tbd in Frameworks */,
				3398D78B1C62041800F8FDA8 /* libz.tbd in Frameworks */,
				3398D78A1C6203D000F8FDA8 /* libWeChatSDK.a in Frameworks */,
				33F899A21BC64D8000E86EA4 /* TencentOpenAPI.framework in Frameworks */,
				33F899BD1BC653D600E86EA4 /* EasyTools.framework in Frameworks */,
			);
			runOnlyForDeploymentPostprocessing = 0;
		};
/* End PBXFrameworksBuildPhase section */

/* Begin PBXGroup section */
		33F899421BC3CAD000E86EA4 = {
			isa = PBXGroup;
			children = (
				33F8994E1BC3CAD000E86EA4 /* OpenPlatform */,
				33F8998C1BC64D8000E86EA4 /* Library */,
				33F8994D1BC3CAD000E86EA4 /* Products */,
			);
			sourceTree = "<group>";
		};
		33F8994D1BC3CAD000E86EA4 /* Products */ = {
			isa = PBXGroup;
			children = (
				33F8994C1BC3CAD000E86EA4 /* OpenPlatform.framework */,
			);
			name = Products;
			sourceTree = "<group>";
		};
		33F8994E1BC3CAD000E86EA4 /* OpenPlatform */ = {
			isa = PBXGroup;
			children = (
				33F899571BC3CC0200E86EA4 /* classes */,
				33F8994F1BC3CAD000E86EA4 /* OpenPlatform.h */,
				33F899511BC3CAD000E86EA4 /* Info.plist */,
			);
			path = OpenPlatform;
			sourceTree = "<group>";
		};
		33F899571BC3CC0200E86EA4 /* classes */ = {
			isa = PBXGroup;
			children = (
				33F899801BC4B01F00E86EA4 /* OPAuthObject.h */,
				33F899811BC4B01F00E86EA4 /* OPAuthObject.m */,
				33F8997C1BC3D67400E86EA4 /* OPShareMedia.h */,
				33F8997D1BC3D67400E86EA4 /* OPShareMedia.m */,
				33F899BF1BC65E9000E86EA4 /* OPPaymentOrder.h */,
				33F899C01BC65E9000E86EA4 /* OPPaymentOrder.m */,
				33F899841BC64A4C00E86EA4 /* OPWeixinPayment.h */,
				33F899851BC64A4C00E86EA4 /* OPWeixinPayment.m */,
				33F899881BC64A5E00E86EA4 /* OPAlipayPayment.h */,
				33F899891BC64A5E00E86EA4 /* OPAlipayPayment.m */,
				33F899601BC3D20100E86EA4 /* OPOpenPlatform.h */,
				33F899611BC3D20100E86EA4 /* OPOpenPlatform.m */,
				33CD2C521BCA595800618C9D /* OPTencentPlatform.h */,
				33CD2C531BCA595800618C9D /* OPTencentPlatform.m */,
				33CD2C561BCA596900618C9D /* OPWeixinPlatform.h */,
				33CD2C571BCA596900618C9D /* OPWeixinPlatform.m */,
				33CD2C5A1BCA598000618C9D /* OPWeiboPlatform.h */,
				33CD2C5B1BCA598000618C9D /* OPWeiboPlatform.m */,
			);
			name = classes;
			sourceTree = "<group>";
		};
		33F8998C1BC64D8000E86EA4 /* Library */ = {
			isa = PBXGroup;
			children = (
				33CD2C441BCA4DA600618C9D /* libz.tbd */,
				33CD2C421BCA4D6D00618C9D /* libc++.tbd */,
				33CD2C401BCA4D5900618C9D /* libsqlite3.0.tbd */,
				3398D7861C62029E00F8FDA8 /* AlipaySDK.framework */,
				33F899C31BC664AB00E86EA4 /* AlipaySDK.bundle */,
				33F899B81BC653D600E86EA4 /* shared */,
				33F8998D1BC64D8000E86EA4 /* QQSDK */,
				33F899901BC64D8000E86EA4 /* SinaWeiboSDK */,
				33F8999E1BC64D8000E86EA4 /* WeChatSDK */,
			);
			path = Library;
			sourceTree = "<group>";
		};
		33F8998D1BC64D8000E86EA4 /* QQSDK */ = {
			isa = PBXGroup;
			children = (
				33F8998E1BC64D8000E86EA4 /* TencentOpenAPI.framework */,
			);
			path = QQSDK;
			sourceTree = "<group>";
		};
		33F899901BC64D8000E86EA4 /* SinaWeiboSDK */ = {
			isa = PBXGroup;
			children = (
				33F899911BC64D8000E86EA4 /* libWeiboSDK.a */,
				33F899921BC64D8000E86EA4 /* WBHttpRequest+WeiboGame.h */,
				33F899931BC64D8000E86EA4 /* WBHttpRequest+WeiboShare.h */,
				33F899941BC64D8000E86EA4 /* WBHttpRequest+WeiboToken.h */,
				33F899951BC64D8000E86EA4 /* WBHttpRequest+WeiboUser.h */,
				33F899961BC64D8000E86EA4 /* WBHttpRequest.h */,
				33F899971BC64D8000E86EA4 /* WBSDKBasicButton.h */,
				33F899981BC64D8000E86EA4 /* WBSDKCommentButton.h */,
				33F899991BC64D8000E86EA4 /* WBSDKRelationshipButton.h */,
				33F8999B1BC64D8000E86EA4 /* WeiboSDK.bundle */,
				33F8999C1BC64D8000E86EA4 /* WeiboSDK.h */,
				33F8999D1BC64D8000E86EA4 /* WeiboUser.h */,
			);
			path = SinaWeiboSDK;
			sourceTree = "<group>";
		};
		33F8999E1BC64D8000E86EA4 /* WeChatSDK */ = {
			isa = PBXGroup;
			children = (
				33AEC26F1C7495AB00DBDA86 /* read_me.txt */,
				33AEC2701C7495AB00DBDA86 /* WechatAuthSDK.h */,
				3398D7891C6203D000F8FDA8 /* libWeChatSDK.a */,
				33F899A01BC64D8000E86EA4 /* WXApi.h */,
				33F899A11BC64D8000E86EA4 /* WXApiObject.h */,
			);
			path = WeChatSDK;
			sourceTree = "<group>";
		};
		33F899B81BC653D600E86EA4 /* shared */ = {
			isa = PBXGroup;
			children = (
				33F899BA1BC653D600E86EA4 /* EasyTools.framework */,
			);
			name = shared;
			path = ../../shared;
			sourceTree = "<group>";
		};
/* End PBXGroup section */

/* Begin PBXHeadersBuildPhase section */
		33F899491BC3CAD000E86EA4 /* Headers */ = {
			isa = PBXHeadersBuildPhase;
			buildActionMask = 2147483647;
			files = (
				33F899A71BC64D8000E86EA4 /* WBHttpRequest+WeiboToken.h in Headers */,
				33F8997E1BC3D67400E86EA4 /* OPShareMedia.h in Headers */,
				33CD2C581BCA596900618C9D /* OPWeixinPlatform.h in Headers */,
				33F899821BC4B01F00E86EA4 /* OPAuthObject.h in Headers */,
				33F899C11BC65E9000E86EA4 /* OPPaymentOrder.h in Headers */,
				33F899AB1BC64D8000E86EA4 /* WBSDKCommentButton.h in Headers */,
				33F899B31BC64D8000E86EA4 /* WXApiObject.h in Headers */,
				33F899AF1BC64D8000E86EA4 /* WeiboSDK.h in Headers */,
				33F899621BC3D20100E86EA4 /* OPOpenPlatform.h in Headers */,
				33F899B01BC64D8000E86EA4 /* WeiboUser.h in Headers */,
				33F899861BC64A4C00E86EA4 /* OPWeixinPayment.h in Headers */,
				33F899A91BC64D8000E86EA4 /* WBHttpRequest.h in Headers */,
				33CD2C541BCA595800618C9D /* OPTencentPlatform.h in Headers */,
				33F899A81BC64D8000E86EA4 /* WBHttpRequest+WeiboUser.h in Headers */,
				33F899AC1BC64D8000E86EA4 /* WBSDKRelationshipButton.h in Headers */,
				33F899A61BC64D8000E86EA4 /* WBHttpRequest+WeiboShare.h in Headers */,
				33F8998A1BC64A5E00E86EA4 /* OPAlipayPayment.h in Headers */,
				33F899B21BC64D8000E86EA4 /* WXApi.h in Headers */,
				33F899501BC3CAD000E86EA4 /* OpenPlatform.h in Headers */,
				33F899AA1BC64D8000E86EA4 /* WBSDKBasicButton.h in Headers */,
				33F899A51BC64D8000E86EA4 /* WBHttpRequest+WeiboGame.h in Headers */,
				33AEC2721C7495AB00DBDA86 /* WechatAuthSDK.h in Headers */,
				33CD2C5C1BCA598000618C9D /* OPWeiboPlatform.h in Headers */,
			);
			runOnlyForDeploymentPostprocessing = 0;
		};
/* End PBXHeadersBuildPhase section */

/* Begin PBXNativeTarget section */
		33F8994B1BC3CAD000E86EA4 /* OpenPlatform */ = {
			isa = PBXNativeTarget;
			buildConfigurationList = 33F899541BC3CAD000E86EA4 /* Build configuration list for PBXNativeTarget "OpenPlatform" */;
			buildPhases = (
				33F899471BC3CAD000E86EA4 /* Sources */,
				33F899481BC3CAD000E86EA4 /* Frameworks */,
				33F899491BC3CAD000E86EA4 /* Headers */,
				33F8994A1BC3CAD000E86EA4 /* Resources */,
			);
			buildRules = (
			);
			dependencies = (
			);
			name = OpenPlatform;
			productName = OpenPlatform;
			productReference = 33F8994C1BC3CAD000E86EA4 /* OpenPlatform.framework */;
			productType = "com.apple.product-type.framework";
		};
/* End PBXNativeTarget section */

/* Begin PBXProject section */
		33F899431BC3CAD000E86EA4 /* Project object */ = {
			isa = PBXProject;
			attributes = {
				LastUpgradeCheck = 0700;
				ORGANIZATIONNAME = icegent;
				TargetAttributes = {
					33F8994B1BC3CAD000E86EA4 = {
						CreatedOnToolsVersion = 7.0;
						DevelopmentTeam = 5PTFSAAH54;
					};
				};
			};
			buildConfigurationList = 33F899461BC3CAD000E86EA4 /* Build configuration list for PBXProject "OpenPlatform" */;
			compatibilityVersion = "Xcode 3.2";
			developmentRegion = English;
			hasScannedForEncodings = 0;
			knownRegions = (
				en,
			);
			mainGroup = 33F899421BC3CAD000E86EA4;
			productRefGroup = 33F8994D1BC3CAD000E86EA4 /* Products */;
			projectDirPath = "";
			projectRoot = "";
			targets = (
				33F8994B1BC3CAD000E86EA4 /* OpenPlatform */,
			);
		};
/* End PBXProject section */

/* Begin PBXResourcesBuildPhase section */
		33F8994A1BC3CAD000E86EA4 /* Resources */ = {
			isa = PBXResourcesBuildPhase;
			buildActionMask = 2147483647;
			files = (
			);
			runOnlyForDeploymentPostprocessing = 0;
		};
/* End PBXResourcesBuildPhase section */

/* Begin PBXSourcesBuildPhase section */
		33F899471BC3CAD000E86EA4 /* Sources */ = {
			isa = PBXSourcesBuildPhase;
			buildActionMask = 2147483647;
			files = (
				33F8997F1BC3D67400E86EA4 /* OPShareMedia.m in Sources */,
				33F899631BC3D20100E86EA4 /* OPOpenPlatform.m in Sources */,
				33F899C21BC65E9000E86EA4 /* OPPaymentOrder.m in Sources */,
				33F8998B1BC64A5E00E86EA4 /* OPAlipayPayment.m in Sources */,
				33CD2C5D1BCA598000618C9D /* OPWeiboPlatform.m in Sources */,
				33F899831BC4B01F00E86EA4 /* OPAuthObject.m in Sources */,
				33CD2C591BCA596900618C9D /* OPWeixinPlatform.m in Sources */,
				33CD2C551BCA595800618C9D /* OPTencentPlatform.m in Sources */,
				33F899871BC64A4C00E86EA4 /* OPWeixinPayment.m in Sources */,
			);
			runOnlyForDeploymentPostprocessing = 0;
		};
/* End PBXSourcesBuildPhase section */

/* Begin XCBuildConfiguration section */
		33F899521BC3CAD000E86EA4 /* Debug */ = {
			isa = XCBuildConfiguration;
			buildSettings = {
				ALWAYS_SEARCH_USER_PATHS = NO;
				CLANG_CXX_LANGUAGE_STANDARD = "gnu++0x";
				CLANG_CXX_LIBRARY = "libc++";
				CLANG_ENABLE_MODULES = YES;
				CLANG_ENABLE_OBJC_ARC = YES;
				CLANG_WARN_BOOL_CONVERSION = YES;
				CLANG_WARN_CONSTANT_CONVERSION = YES;
				CLANG_WARN_DIRECT_OBJC_ISA_USAGE = YES_ERROR;
				CLANG_WARN_EMPTY_BODY = YES;
				CLANG_WARN_ENUM_CONVERSION = YES;
				CLANG_WARN_INT_CONVERSION = YES;
				CLANG_WARN_OBJC_ROOT_CLASS = YES_ERROR;
				CLANG_WARN_UNREACHABLE_CODE = YES;
				CLANG_WARN__DUPLICATE_METHOD_MATCH = YES;
				"CODE_SIGN_IDENTITY[sdk=iphoneos*]" = "iPhone Developer";
				COPY_PHASE_STRIP = NO;
				CURRENT_PROJECT_VERSION = 1;
				DEBUG_INFORMATION_FORMAT = dwarf;
				ENABLE_STRICT_OBJC_MSGSEND = YES;
				ENABLE_TESTABILITY = YES;
				GCC_C_LANGUAGE_STANDARD = gnu99;
				GCC_DYNAMIC_NO_PIC = NO;
				GCC_NO_COMMON_BLOCKS = YES;
				GCC_OPTIMIZATION_LEVEL = 0;
				GCC_PREPROCESSOR_DEFINITIONS = (
					"DEBUG=1",
					"$(inherited)",
				);
				GCC_WARN_64_TO_32_BIT_CONVERSION = YES;
				GCC_WARN_ABOUT_RETURN_TYPE = YES_ERROR;
				GCC_WARN_UNDECLARED_SELECTOR = YES;
				GCC_WARN_UNINITIALIZED_AUTOS = YES_AGGRESSIVE;
				GCC_WARN_UNUSED_FUNCTION = YES;
				GCC_WARN_UNUSED_VARIABLE = YES;
				IPHONEOS_DEPLOYMENT_TARGET = 9.0;
				MTL_ENABLE_DEBUG_INFO = YES;
				ONLY_ACTIVE_ARCH = YES;
				SDKROOT = iphoneos;
				TARGETED_DEVICE_FAMILY = "1,2";
				VERSIONING_SYSTEM = "apple-generic";
				VERSION_INFO_PREFIX = "";
			};
			name = Debug;
		};
		33F899531BC3CAD000E86EA4 /* Release */ = {
			isa = XCBuildConfiguration;
			buildSettings = {
				ALWAYS_SEARCH_USER_PATHS = NO;
				CLANG_CXX_LANGUAGE_STANDARD = "gnu++0x";
				CLANG_CXX_LIBRARY = "libc++";
				CLANG_ENABLE_MODULES = YES;
				CLANG_ENABLE_OBJC_ARC = YES;
				CLANG_WARN_BOOL_CONVERSION = YES;
				CLANG_WARN_CONSTANT_CONVERSION = YES;
				CLANG_WARN_DIRECT_OBJC_ISA_USAGE = YES_ERROR;
				CLANG_WARN_EMPTY_BODY = YES;
				CLANG_WARN_ENUM_CONVERSION = YES;
				CLANG_WARN_INT_CONVERSION = YES;
				CLANG_WARN_OBJC_ROOT_CLASS = YES_ERROR;
				CLANG_WARN_UNREACHABLE_CODE = YES;
				CLANG_WARN__DUPLICATE_METHOD_MATCH = YES;
				"CODE_SIGN_IDENTITY[sdk=iphoneos*]" = "iPhone Developer";
				COPY_PHASE_STRIP = NO;
				CURRENT_PROJECT_VERSION = 1;
				DEBUG_INFORMATION_FORMAT = "dwarf-with-dsym";
				ENABLE_NS_ASSERTIONS = NO;
				ENABLE_STRICT_OBJC_MSGSEND = YES;
				GCC_C_LANGUAGE_STANDARD = gnu99;
				GCC_NO_COMMON_BLOCKS = YES;
				GCC_WARN_64_TO_32_BIT_CONVERSION = YES;
				GCC_WARN_ABOUT_RETURN_TYPE = YES_ERROR;
				GCC_WARN_UNDECLARED_SELECTOR = YES;
				GCC_WARN_UNINITIALIZED_AUTOS = YES_AGGRESSIVE;
				GCC_WARN_UNUSED_FUNCTION = YES;
				GCC_WARN_UNUSED_VARIABLE = YES;
				IPHONEOS_DEPLOYMENT_TARGET = 9.0;
				MTL_ENABLE_DEBUG_INFO = NO;
				SDKROOT = iphoneos;
				TARGETED_DEVICE_FAMILY = "1,2";
				VALIDATE_PRODUCT = YES;
				VERSIONING_SYSTEM = "apple-generic";
				VERSION_INFO_PREFIX = "";
			};
			name = Release;
		};
		33F899551BC3CAD000E86EA4 /* Debug */ = {
			isa = XCBuildConfiguration;
			buildSettings = {
				CODE_SIGN_IDENTITY = "iPhone Developer";
				DEBUG_INFORMATION_FORMAT = "dwarf-with-dsym";
				DEFINES_MODULE = YES;
				DYLIB_COMPATIBILITY_VERSION = 1;
				DYLIB_CURRENT_VERSION = 1;
				DYLIB_INSTALL_NAME_BASE = "@rpath";
				ENABLE_BITCODE = YES;
				ENABLE_TESTABILITY = NO;
				FRAMEWORK_SEARCH_PATHS = (
					"$(inherited)",
					"$(PROJECT_DIR)$(LOCAL_LIBRARY_DIR)/QQSDK",
					"$(PROJECT_DIR)$(LOCAL_LIBRARY_DIR)/shared",
					"$(PROJECT_DIR)$(LOCAL_LIBRARY_DIR)",
				);
				GCC_PREPROCESSOR_DEFINITIONS = (
					"DEBUG=1",
					"$(inherited)",
				);
				INFOPLIST_FILE = OpenPlatform/Info.plist;
				INSTALL_PATH = "$(LOCAL_LIBRARY_DIR)/Frameworks";
				IPHONEOS_DEPLOYMENT_TARGET = 8.0;
				LD_RUNPATH_SEARCH_PATHS = "$(inherited) @executable_path/Frameworks @loader_path/Frameworks";
				LIBRARY_SEARCH_PATHS = (
					"$(inherited)",
					"$(PROJECT_DIR)$(LOCAL_LIBRARY_DIR)/SinaWeiboSDK",
					"$(PROJECT_DIR)$(LOCAL_LIBRARY_DIR)/WeChatSDK",
				);
				MTL_ENABLE_DEBUG_INFO = NO;
				ONLY_ACTIVE_ARCH = NO;
				OTHER_CFLAGS = "-fembed-bitcode";
				OTHER_LDFLAGS = "";
				PRODUCT_BUNDLE_IDENTIFIER = com.icegent.OpenPlatform;
				PRODUCT_NAME = "$(TARGET_NAME)";
				SKIP_INSTALL = YES;
				VALIDATE_PRODUCT = YES;
				VERSIONING_SYSTEM = "";
			};
			name = Debug;
		};
		33F899561BC3CAD000E86EA4 /* Release */ = {
			isa = XCBuildConfiguration;
			buildSettings = {
				CODE_SIGN_IDENTITY = "iPhone Developer";
				DEFINES_MODULE = YES;
				DYLIB_COMPATIBILITY_VERSION = 1;
				DYLIB_CURRENT_VERSION = 1;
				DYLIB_INSTALL_NAME_BASE = "@rpath";
				ENABLE_BITCODE = YES;
				FRAMEWORK_SEARCH_PATHS = (
					"$(inherited)",
					"$(PROJECT_DIR)$(LOCAL_LIBRARY_DIR)/QQSDK",
					"$(PROJECT_DIR)$(LOCAL_LIBRARY_DIR)/shared",
					"$(PROJECT_DIR)$(LOCAL_LIBRARY_DIR)",
				);
				INFOPLIST_FILE = OpenPlatform/Info.plist;
				INSTALL_PATH = "$(LOCAL_LIBRARY_DIR)/Frameworks";
				IPHONEOS_DEPLOYMENT_TARGET = 8.0;
				LD_RUNPATH_SEARCH_PATHS = "$(inherited) @executable_path/Frameworks @loader_path/Frameworks";
				LIBRARY_SEARCH_PATHS = (
					"$(inherited)",
					"$(PROJECT_DIR)$(LOCAL_LIBRARY_DIR)/SinaWeiboSDK",
					"$(PROJECT_DIR)$(LOCAL_LIBRARY_DIR)/WeChatSDK",
				);
				OTHER_CFLAGS = "-fembed-bitcode";
				OTHER_LDFLAGS = "";
				PRODUCT_BUNDLE_IDENTIFIER = com.icegent.OpenPlatform;
				PRODUCT_NAME = "$(TARGET_NAME)";
				SKIP_INSTALL = YES;
				VERSIONING_SYSTEM = "";
			};
			name = Release;
		};
/* End XCBuildConfiguration section */

/* Begin XCConfigurationList section */
		33F899461BC3CAD000E86EA4 /* Build configuration list for PBXProject "OpenPlatform" */ = {
			isa = XCConfigurationList;
			buildConfigurations = (
				33F899521BC3CAD000E86EA4 /* Debug */,
				33F899531BC3CAD000E86EA4 /* Release */,
			);
			defaultConfigurationIsVisible = 0;
			defaultConfigurationName = Release;
		};
		33F899541BC3CAD000E86EA4 /* Build configuration list for PBXNativeTarget "OpenPlatform" */ = {
			isa = XCConfigurationList;
			buildConfigurations = (
				33F899551BC3CAD000E86EA4 /* Debug */,
				33F899561BC3CAD000E86EA4 /* Release */,
			);
			defaultConfigurationIsVisible = 0;
			defaultConfigurationName = Release;
		};
/* End XCConfigurationList section */
	};
	rootObject = 33F899431BC3CAD000E86EA4 /* Project object */;
}
